{
  "name": "picturepark.sdk.java",
  "version": "1.0.0",
  "lockfileVersion": 1,
  "requires": true,
  "dependencies": {
    "autorest": {
      "version": "2.0.4166",
      "resolved": "https://registry.npmjs.org/autorest/-/autorest-2.0.4166.tgz",
      "integrity": "sha512-f5IY7zdq9BKb8urSL1IYF8bzz6ddSiI0vN8NOOZltaqF3/h6DKz/AWdwEN+ycGTt2wcxBOX9dERwmgCCUj1Z4Q==",
      "dev": true
    }
  }
}
