{
  "name": "ar",
  "version": "1.0.0",
  "lockfileVersion": 1,
  "requires": true,
  "dependencies": {
    "autorest": {
      "version": "2.0.4147",
      "resolved": "https://registry.npmjs.org/autorest/-/autorest-2.0.4147.tgz",
      "integrity": "sha512-TcbiZD7kKNdd7pDy5Q6MeoxX8y47a/leMzRiyhM60qUrVR2/KVEP1MEmmthjCWsNV1gvqZ3svivbbmvR16qhjw==",
      "dev": true
    }
  }
}
